
Microsoft Visual Studio Solution File, Format Version 12.00
# Visual Studio Version 17
VisualStudioVersion = 17.14.36518.9 d17.14
MinimumVisualStudioVersion = 10.0.40219.1
Project("{FAE04EC0-301F-11D3-BF4B-00C04F79EFBC}") = "Exe1", "Exe1\Exe1.csproj", "{53B34D5E-BCF3-4BAC-B3F0-12E1C2E250A0}"
EndProject
Global
	GlobalSection(SolutionConfigurationPlatforms) = preSolution
		Debug|Any CPU = Debug|Any CPU
		Release|Any CPU = Release|Any CPU
	EndGlobalSection
	GlobalSection(ProjectConfigurationPlatforms) = postSolution
		{53B34D5E-BCF3-4BAC-B3F0-12E1C2E250A0}.Debug|Any CPU.ActiveCfg = Debug|Any CPU
		{53B34D5E-BCF3-4BAC-B3F0-12E1C2E250A0}.Debug|Any CPU.Build.0 = Debug|Any CPU
		{53B34D5E-BCF3-4BAC-B3F0-12E1C2E250A0}.Release|Any CPU.ActiveCfg = Release|Any CPU
		{53B34D5E-BCF3-4BAC-B3F0-12E1C2E250A0}.Release|Any CPU.Build.0 = Release|Any CPU
	EndGlobalSection
	GlobalSection(SolutionProperties) = preSolution
		HideSolutionNode = FALSE
	EndGlobalSection
	GlobalSection(ExtensibilityGlobals) = postSolution
		SolutionGuid = {E738DE60-8C03-48EF-A60D-680BDCC622A5}
	EndGlobalSection
EndGlobal
